
Microsoft Visual Studio Solution File, Format Version 12.00
# Visual Studio 15
Project("{FAE04EC0-301F-11D3-BF4B-00C04F79EFBC}") = "wa02", "wa02\wa02.csproj", "{C77448DF-3C87-4D76-A66A-D1CDE0704381}"
EndProject
Project("{FAE04EC0-301F-11D3-BF4B-00C04F79EFBC}") = "wa02.Tests", "wa02.Tests\wa02.Tests.csproj", "{A720919F-D7F5-46D5-BF1B-2D5FB42E7D69}"
EndProject
Global
	GlobalSection(SolutionConfigurationPlatforms) = preSolution
		Debug|Any CPU = Debug|Any CPU
		Release|Any CPU = Release|Any CPU
	EndGlobalSection
	GlobalSection(ProjectConfigurationPlatforms) = postSolution
		{C77448DF-3C87-4D76-A66A-D1CDE0704381}.Debug|Any CPU.ActiveCfg = Debug|Any CPU
		{C77448DF-3C87-4D76-A66A-D1CDE0704381}.Debug|Any CPU.Build.0 = Debug|Any CPU
		{C77448DF-3C87-4D76-A66A-D1CDE0704381}.Release|Any CPU.ActiveCfg = Release|Any CPU
		{C77448DF-3C87-4D76-A66A-D1CDE0704381}.Release|Any CPU.Build.0 = Release|Any CPU
		{A720919F-D7F5-46D5-BF1B-2D5FB42E7D69}.Debug|Any CPU.ActiveCfg = Debug|Any CPU
		{A720919F-D7F5-46D5-BF1B-2D5FB42E7D69}.Debug|Any CPU.Build.0 = Debug|Any CPU
		{A720919F-D7F5-46D5-BF1B-2D5FB42E7D69}.Release|Any CPU.ActiveCfg = Release|Any CPU
		{A720919F-D7F5-46D5-BF1B-2D5FB42E7D69}.Release|Any CPU.Build.0 = Release|Any CPU
	EndGlobalSection
EndGlobal
